
Microsoft Visual Studio Solution File, Format Version 12.00
# Visual Studio 15
VisualStudioVersion = 15.0.26403.3
MinimumVisualStudioVersion = 10.0.40219.1
Project("{FAE04EC0-301F-11D3-BF4B-00C04F79EFBC}") = "ToiDau", "ToiDau\ToiDau\ToiDau.csproj", "{B6AABFF0-C115-4C9B-9F78-C2A2B3AE708B}"
EndProject
Project("{FAE04EC0-301F-11D3-BF4B-00C04F79EFBC}") = "ToiDau.Droid", "ToiDau\ToiDau.Droid\ToiDau.Droid.csproj", "{9A8C88E8-384D-496D-86E8-A8F348E64C85}"
EndProject
Project("{FAE04EC0-301F-11D3-BF4B-00C04F79EFBC}") = "ToiDau.iOS", "ToiDau\ToiDau.iOS\ToiDau.iOS.csproj", "{9B64B633-3265-4555-A2C3-E29B9B0BA732}"
EndProject
Project("{FAE04EC0-301F-11D3-BF4B-00C04F79EFBC}") = "ToiDau.UWP", "ToiDau\ToiDau.UWP\ToiDau.UWP.csproj", "{CFB9BA87-46B7-4A55-8D3A-635B1D85EB87}"
EndProject
Global
	GlobalSection(SolutionConfigurationPlatforms) = preSolution
		Ad-Hoc|Any CPU = Ad-Hoc|Any CPU
		Ad-Hoc|ARM = Ad-Hoc|ARM
		Ad-Hoc|iPhone = Ad-Hoc|iPhone
		Ad-Hoc|iPhoneSimulator = Ad-Hoc|iPhoneSimulator
		Ad-Hoc|x64 = Ad-Hoc|x64
		Ad-Hoc|x86 = Ad-Hoc|x86
		AppStore|Any CPU = AppStore|Any CPU
		AppStore|ARM = AppStore|ARM
		AppStore|iPhone = AppStore|iPhone
		AppStore|iPhoneSimulator = AppStore|iPhoneSimulator
		AppStore|x64 = AppStore|x64
		AppStore|x86 = AppStore|x86
		Debug|Any CPU = Debug|Any CPU
		Debug|ARM = Debug|ARM
		Debug|iPhone = Debug|iPhone
		Debug|iPhoneSimulator = Debug|iPhoneSimulator
		Debug|x64 = Debug|x64
		Debug|x86 = Debug|x86
		Release|Any CPU = Release|Any CPU
		Release|ARM = Release|ARM
		Release|iPhone = Release|iPhone
		Release|iPhoneSimulator = Release|iPhoneSimulator
		Release|x64 = Release|x64
		Release|x86 = Release|x86
	EndGlobalSection
	GlobalSection(ProjectConfigurationPlatforms) = postSolution
		{B6AABFF0-C115-4C9B-9F78-C2A2B3AE708B}.Ad-Hoc|Any CPU.ActiveCfg = Release|Any CPU
		{B6AABFF0-C115-4C9B-9F78-C2A2B3AE708B}.Ad-Hoc|Any CPU.Build.0 = Release|Any CPU
		{B6AABFF0-C115-4C9B-9F78-C2A2B3AE708B}.Ad-Hoc|ARM.ActiveCfg = Release|Any CPU
		{B6AABFF0-C115-4C9B-9F78-C2A2B3AE708B}.Ad-Hoc|ARM.Build.0 = Release|Any CPU
		{B6AABFF0-C115-4C9B-9F78-C2A2B3AE708B}.Ad-Hoc|iPhone.ActiveCfg = Release|Any CPU
		{B6AABFF0-C115-4C9B-9F78-C2A2B3AE708B}.Ad-Hoc|iPhone.Build.0 = Release|Any CPU
		{B6AABFF0-C115-4C9B-9F78-C2A2B3AE708B}.Ad-Hoc|iPhoneSimulator.ActiveCfg = Release|Any CPU
		{B6AABFF0-C115-4C9B-9F78-C2A2B3AE708B}.Ad-Hoc|iPhoneSimulator.Build.0 = Release|Any CPU
		{B6AABFF0-C115-4C9B-9F78-C2A2B3AE708B}.Ad-Hoc|x64.ActiveCfg = Release|Any CPU
		{B6AABFF0-C115-4C9B-9F78-C2A2B3AE708B}.Ad-Hoc|x64.Build.0 = Release|Any CPU
		{B6AABFF0-C115-4C9B-9F78-C2A2B3AE708B}.Ad-Hoc|x86.ActiveCfg = Release|Any CPU
		{B6AABFF0-C115-4C9B-9F78-C2A2B3AE708B}.Ad-Hoc|x86.Build.0 = Release|Any CPU
		{B6AABFF0-C115-4C9B-9F78-C2A2B3AE708B}.AppStore|Any CPU.ActiveCfg = Release|Any CPU
		{B6AABFF0-C115-4C9B-9F78-C2A2B3AE708B}.AppStore|Any CPU.Build.0 = Release|Any CPU
		{B6AABFF0-C115-4C9B-9F78-C2A2B3AE708B}.AppStore|ARM.ActiveCfg = Release|Any CPU
		{B6AABFF0-C115-4C9B-9F78-C2A2B3AE708B}.AppStore|ARM.Build.0 = Release|Any CPU
		{B6AABFF0-C115-4C9B-9F78-C2A2B3AE708B}.AppStore|iPhone.ActiveCfg = Release|Any CPU
		{B6AABFF0-C115-4C9B-9F78-C2A2B3AE708B}.AppStore|iPhone.Build.0 = Release|Any CPU
		{B6AABFF0-C115-4C9B-9F78-C2A2B3AE708B}.AppStore|iPhoneSimulator.ActiveCfg = Release|Any CPU
		{B6AABFF0-C115-4C9B-9F78-C2A2B3AE708B}.AppStore|iPhoneSimulator.Build.0 = Release|Any CPU
		{B6AABFF0-C115-4C9B-9F78-C2A2B3AE708B}.AppStore|x64.ActiveCfg = Release|Any CPU
		{B6AABFF0-C115-4C9B-9F78-C2A2B3AE708B}.AppStore|x64.Build.0 = Release|Any CPU
		{B6AABFF0-C115-4C9B-9F78-C2A2B3AE708B}.AppStore|x86.ActiveCfg = Release|Any CPU
		{B6AABFF0-C115-4C9B-9F78-C2A2B3AE708B}.AppStore|x86.Build.0 = Release|Any CPU
		{B6AABFF0-C115-4C9B-9F78-C2A2B3AE708B}.Debug|Any CPU.ActiveCfg = Debug|Any CPU
		{B6AABFF0-C115-4C9B-9F78-C2A2B3AE708B}.Debug|Any CPU.Build.0 = Debug|Any CPU
		{B6AABFF0-C115-4C9B-9F78-C2A2B3AE708B}.Debug|ARM.ActiveCfg = Debug|Any CPU
		{B6AABFF0-C115-4C9B-9F78-C2A2B3AE708B}.Debug|ARM.Build.0 = Debug|Any CPU
		{B6AABFF0-C115-4C9B-9F78-C2A2B3AE708B}.Debug|iPhone.ActiveCfg = Debug|Any CPU
		{B6AABFF0-C115-4C9B-9F78-C2A2B3AE708B}.Debug|iPhone.Build.0 = Debug|Any CPU
		{B6AABFF0-C115-4C9B-9F78-C2A2B3AE708B}.Debug|iPhoneSimulator.ActiveCfg = Debug|Any CPU
		{B6AABFF0-C115-4C9B-9F78-C2A2B3AE708B}.Debug|iPhoneSimulator.Build.0 = Debug|Any CPU
		{B6AABFF0-C115-4C9B-9F78-C2A2B3AE708B}.Debug|x64.ActiveCfg = Debug|Any CPU
		{B6AABFF0-C115-4C9B-9F78-C2A2B3AE708B}.Debug|x64.Build.0 = Debug|Any CPU
		{B6AABFF0-C115-4C9B-9F78-C2A2B3AE708B}.Debug|x86.ActiveCfg = Debug|Any CPU
		{B6AABFF0-C115-4C9B-9F78-C2A2B3AE708B}.Debug|x86.Build.0 = Debug|Any CPU
		{B6AABFF0-C115-4C9B-9F78-C2A2B3AE708B}.Release|Any CPU.ActiveCfg = Release|Any CPU
		{B6AABFF0-C115-4C9B-9F78-C2A2B3AE708B}.Release|Any CPU.Build.0 = Release|Any CPU
		{B6AABFF0-C115-4C9B-9F78-C2A2B3AE708B}.Release|ARM.ActiveCfg = Release|Any CPU
		{B6AABFF0-C115-4C9B-9F78-C2A2B3AE708B}.Release|ARM.Build.0 = Release|Any CPU
		{B6AABFF0-C115-4C9B-9F78-C2A2B3AE708B}.Release|iPhone.ActiveCfg = Release|Any CPU
		{B6AABFF0-C115-4C9B-9F78-C2A2B3AE708B}.Release|iPhone.Build.0 = Release|Any CPU
		{B6AABFF0-C115-4C9B-9F78-C2A2B3AE708B}.Release|iPhoneSimulator.ActiveCfg = Release|Any CPU
		{B6AABFF0-C115-4C9B-9F78-C2A2B3AE708B}.Release|iPhoneSimulator.Build.0 = Release|Any CPU
		{B6AABFF0-C115-4C9B-9F78-C2A2B3AE708B}.Release|x64.ActiveCfg = Release|Any CPU
		{B6AABFF0-C115-4C9B-9F78-C2A2B3AE708B}.Release|x64.Build.0 = Release|Any CPU
		{B6AABFF0-C115-4C9B-9F78-C2A2B3AE708B}.Release|x86.ActiveCfg = Release|Any CPU
		{B6AABFF0-C115-4C9B-9F78-C2A2B3AE708B}.Release|x86.Build.0 = Release|Any CPU
		{9A8C88E8-384D-496D-86E8-A8F348E64C85}.Ad-Hoc|Any CPU.ActiveCfg = Release|Any CPU
		{9A8C88E8-384D-496D-86E8-A8F348E64C85}.Ad-Hoc|Any CPU.Build.0 = Release|Any CPU
		{9A8C88E8-384D-496D-86E8-A8F348E64C85}.Ad-Hoc|Any CPU.Deploy.0 = Release|Any CPU
		{9A8C88E8-384D-496D-86E8-A8F348E64C85}.Ad-Hoc|ARM.ActiveCfg = Release|Any CPU
		{9A8C88E8-384D-496D-86E8-A8F348E64C85}.Ad-Hoc|ARM.Build.0 = Release|Any CPU
		{9A8C88E8-384D-496D-86E8-A8F348E64C85}.Ad-Hoc|ARM.Deploy.0 = Release|Any CPU
		{9A8C88E8-384D-496D-86E8-A8F348E64C85}.Ad-Hoc|iPhone.ActiveCfg = Release|Any CPU
		{9A8C88E8-384D-496D-86E8-A8F348E64C85}.Ad-Hoc|iPhone.Build.0 = Release|Any CPU
		{9A8C88E8-384D-496D-86E8-A8F348E64C85}.Ad-Hoc|iPhone.Deploy.0 = Release|Any CPU
		{9A8C88E8-384D-496D-86E8-A8F348E64C85}.Ad-Hoc|iPhoneSimulator.ActiveCfg = Release|Any CPU
		{9A8C88E8-384D-496D-86E8-A8F348E64C85}.Ad-Hoc|iPhoneSimulator.Build.0 = Release|Any CPU
		{9A8C88E8-384D-496D-86E8-A8F348E64C85}.Ad-Hoc|iPhoneSimulator.Deploy.0 = Release|Any CPU
		{9A8C88E8-384D-496D-86E8-A8F348E64C85}.Ad-Hoc|x64.ActiveCfg = Release|Any CPU
		{9A8C88E8-384D-496D-86E8-A8F348E64C85}.Ad-Hoc|x64.Build.0 = Release|Any CPU
		{9A8C88E8-384D-496D-86E8-A8F348E64C85}.Ad-Hoc|x64.Deploy.0 = Release|Any CPU
		{9A8C88E8-384D-496D-86E8-A8F348E64C85}.Ad-Hoc|x86.ActiveCfg = Release|Any CPU
		{9A8C88E8-384D-496D-86E8-A8F348E64C85}.Ad-Hoc|x86.Build.0 = Release|Any CPU
		{9A8C88E8-384D-496D-86E8-A8F348E64C85}.Ad-Hoc|x86.Deploy.0 = Release|Any CPU
		{9A8C88E8-384D-496D-86E8-A8F348E64C85}.AppStore|Any CPU.ActiveCfg = Release|Any CPU
		{9A8C88E8-384D-496D-86E8-A8F348E64C85}.AppStore|Any CPU.Build.0 = Release|Any CPU
		{9A8C88E8-384D-496D-86E8-A8F348E64C85}.AppStore|Any CPU.Deploy.0 = Release|Any CPU
		{9A8C88E8-384D-496D-86E8-A8F348E64C85}.AppStore|ARM.ActiveCfg = Release|Any CPU
		{9A8C88E8-384D-496D-86E8-A8F348E64C85}.AppStore|ARM.Build.0 = Release|Any CPU
		{9A8C88E8-384D-496D-86E8-A8F348E64C85}.AppStore|ARM.Deploy.0 = Release|Any CPU
		{9A8C88E8-384D-496D-86E8-A8F348E64C85}.AppStore|iPhone.ActiveCfg = Release|Any CPU
		{9A8C88E8-384D-496D-86E8-A8F348E64C85}.AppStore|iPhone.Build.0 = Release|Any CPU
		{9A8C88E8-384D-496D-86E8-A8F348E64C85}.AppStore|iPhone.Deploy.0 = Release|Any CPU
		{9A8C88E8-384D-496D-86E8-A8F348E64C85}.AppStore|iPhoneSimulator.ActiveCfg = Release|Any CPU
		{9A8C88E8-384D-496D-86E8-A8F348E64C85}.AppStore|iPhoneSimulator.Build.0 = Release|Any CPU
		{9A8C88E8-384D-496D-86E8-A8F348E64C85}.AppStore|iPhoneSimulator.Deploy.0 = Release|Any CPU
		{9A8C88E8-384D-496D-86E8-A8F348E64C85}.AppStore|x64.ActiveCfg = Release|Any CPU
		{9A8C88E8-384D-496D-86E8-A8F348E64C85}.AppStore|x64.Build.0 = Release|Any CPU
		{9A8C88E8-384D-496D-86E8-A8F348E64C85}.AppStore|x64.Deploy.0 = Release|Any CPU
		{9A8C88E8-384D-496D-86E8-A8F348E64C85}.AppStore|x86.ActiveCfg = Release|Any CPU
		{9A8C88E8-384D-496D-86E8-A8F348E64C85}.AppStore|x86.Build.0 = Release|Any CPU
		{9A8C88E8-384D-496D-86E8-A8F348E64C85}.AppStore|x86.Deploy.0 = Release|Any CPU
		{9A8C88E8-384D-496D-86E8-A8F348E64C85}.Debug|Any CPU.ActiveCfg = Debug|Any CPU
		{9A8C88E8-384D-496D-86E8-A8F348E64C85}.Debug|Any CPU.Build.0 = Debug|Any CPU
		{9A8C88E8-384D-496D-86E8-A8F348E64C85}.Debug|Any CPU.Deploy.0 = Debug|Any CPU
		{9A8C88E8-384D-496D-86E8-A8F348E64C85}.Debug|ARM.ActiveCfg = Debug|Any CPU
		{9A8C88E8-384D-496D-86E8-A8F348E64C85}.Debug|ARM.Build.0 = Debug|Any CPU
		{9A8C88E8-384D-496D-86E8-A8F348E64C85}.Debug|ARM.Deploy.0 = Debug|Any CPU
		{9A8C88E8-384D-496D-86E8-A8F348E64C85}.Debug|iPhone.ActiveCfg = Debug|Any CPU
		{9A8C88E8-384D-496D-86E8-A8F348E64C85}.Debug|iPhone.Build.0 = Debug|Any CPU
		{9A8C88E8-384D-496D-86E8-A8F348E64C85}.Debug|iPhone.Deploy.0 = Debug|Any CPU
		{9A8C88E8-384D-496D-86E8-A8F348E64C85}.Debug|iPhoneSimulator.ActiveCfg = Debug|Any CPU
		{9A8C88E8-384D-496D-86E8-A8F348E64C85}.Debug|iPhoneSimulator.Build.0 = Debug|Any CPU
		{9A8C88E8-384D-496D-86E8-A8F348E64C85}.Debug|iPhoneSimulator.Deploy.0 = Debug|Any CPU
		{9A8C88E8-384D-496D-86E8-A8F348E64C85}.Debug|x64.ActiveCfg = Debug|Any CPU
		{9A8C88E8-384D-496D-86E8-A8F348E64C85}.Debug|x64.Build.0 = Debug|Any CPU
		{9A8C88E8-384D-496D-86E8-A8F348E64C85}.Debug|x64.Deploy.0 = Debug|Any CPU
		{9A8C88E8-384D-496D-86E8-A8F348E64C85}.Debug|x86.ActiveCfg = Debug|Any CPU
		{9A8C88E8-384D-496D-86E8-A8F348E64C85}.Debug|x86.Build.0 = Debug|Any CPU
		{9A8C88E8-384D-496D-86E8-A8F348E64C85}.Debug|x86.Deploy.0 = Debug|Any CPU
		{9A8C88E8-384D-496D-86E8-A8F348E64C85}.Release|Any CPU.ActiveCfg = Release|Any CPU
		{9A8C88E8-384D-496D-86E8-A8F348E64C85}.Release|Any CPU.Build.0 = Release|Any CPU
		{9A8C88E8-384D-496D-86E8-A8F348E64C85}.Release|Any CPU.Deploy.0 = Release|Any CPU
		{9A8C88E8-384D-496D-86E8-A8F348E64C85}.Release|ARM.ActiveCfg = Release|Any CPU
		{9A8C88E8-384D-496D-86E8-A8F348E64C85}.Release|ARM.Build.0 = Release|Any CPU
		{9A8C88E8-384D-496D-86E8-A8F348E64C85}.Release|ARM.Deploy.0 = Release|Any CPU
		{9A8C88E8-384D-496D-86E8-A8F348E64C85}.Release|iPhone.ActiveCfg = Release|Any CPU
		{9A8C88E8-384D-496D-86E8-A8F348E64C85}.Release|iPhone.Build.0 = Release|Any CPU
		{9A8C88E8-384D-496D-86E8-A8F348E64C85}.Release|iPhone.Deploy.0 = Release|Any CPU
		{9A8C88E8-384D-496D-86E8-A8F348E64C85}.Release|iPhoneSimulator.ActiveCfg = Release|Any CPU
		{9A8C88E8-384D-496D-86E8-A8F348E64C85}.Release|iPhoneSimulator.Build.0 = Release|Any CPU
		{9A8C88E8-384D-496D-86E8-A8F348E64C85}.Release|iPhoneSimulator.Deploy.0 = Release|Any CPU
		{9A8C88E8-384D-496D-86E8-A8F348E64C85}.Release|x64.ActiveCfg = Release|Any CPU
		{9A8C88E8-384D-496D-86E8-A8F348E64C85}.Release|x64.Build.0 = Release|Any CPU
		{9A8C88E8-384D-496D-86E8-A8F348E64C85}.Release|x64.Deploy.0 = Release|Any CPU
		{9A8C88E8-384D-496D-86E8-A8F348E64C85}.Release|x86.ActiveCfg = Release|Any CPU
		{9A8C88E8-384D-496D-86E8-A8F348E64C85}.Release|x86.Build.0 = Release|Any CPU
		{9A8C88E8-384D-496D-86E8-A8F348E64C85}.Release|x86.Deploy.0 = Release|Any CPU
		{9B64B633-3265-4555-A2C3-E29B9B0BA732}.Ad-Hoc|Any CPU.ActiveCfg = Ad-Hoc|iPhone
		{9B64B633-3265-4555-A2C3-E29B9B0BA732}.Ad-Hoc|ARM.ActiveCfg = Ad-Hoc|iPhone
		{9B64B633-3265-4555-A2C3-E29B9B0BA732}.Ad-Hoc|iPhone.ActiveCfg = Ad-Hoc|iPhone
		{9B64B633-3265-4555-A2C3-E29B9B0BA732}.Ad-Hoc|iPhone.Build.0 = Ad-Hoc|iPhone
		{9B64B633-3265-4555-A2C3-E29B9B0BA732}.Ad-Hoc|iPhoneSimulator.ActiveCfg = Ad-Hoc|iPhoneSimulator
		{9B64B633-3265-4555-A2C3-E29B9B0BA732}.Ad-Hoc|iPhoneSimulator.Build.0 = Ad-Hoc|iPhoneSimulator
		{9B64B633-3265-4555-A2C3-E29B9B0BA732}.Ad-Hoc|x64.ActiveCfg = Ad-Hoc|iPhone
		{9B64B633-3265-4555-A2C3-E29B9B0BA732}.Ad-Hoc|x86.ActiveCfg = Ad-Hoc|iPhone
		{9B64B633-3265-4555-A2C3-E29B9B0BA732}.AppStore|Any CPU.ActiveCfg = AppStore|iPhone
		{9B64B633-3265-4555-A2C3-E29B9B0BA732}.AppStore|ARM.ActiveCfg = AppStore|iPhone
		{9B64B633-3265-4555-A2C3-E29B9B0BA732}.AppStore|iPhone.ActiveCfg = AppStore|iPhone
		{9B64B633-3265-4555-A2C3-E29B9B0BA732}.AppStore|iPhone.Build.0 = AppStore|iPhone
		{9B64B633-3265-4555-A2C3-E29B9B0BA732}.AppStore|iPhoneSimulator.ActiveCfg = AppStore|iPhoneSimulator
		{9B64B633-3265-4555-A2C3-E29B9B0BA732}.AppStore|iPhoneSimulator.Build.0 = AppStore|iPhoneSimulator
		{9B64B633-3265-4555-A2C3-E29B9B0BA732}.AppStore|x64.ActiveCfg = AppStore|iPhone
		{9B64B633-3265-4555-A2C3-E29B9B0BA732}.AppStore|x86.ActiveCfg = AppStore|iPhone
		{9B64B633-3265-4555-A2C3-E29B9B0BA732}.Debug|Any CPU.ActiveCfg = Debug|iPhone
		{9B64B633-3265-4555-A2C3-E29B9B0BA732}.Debug|ARM.ActiveCfg = Debug|iPhone
		{9B64B633-3265-4555-A2C3-E29B9B0BA732}.Debug|iPhone.ActiveCfg = Debug|iPhone
		{9B64B633-3265-4555-A2C3-E29B9B0BA732}.Debug|iPhone.Build.0 = Debug|iPhone
		{9B64B633-3265-4555-A2C3-E29B9B0BA732}.Debug|iPhoneSimulator.ActiveCfg = Debug|iPhoneSimulator
		{9B64B633-3265-4555-A2C3-E29B9B0BA732}.Debug|iPhoneSimulator.Build.0 = Debug|iPhoneSimulator
		{9B64B633-3265-4555-A2C3-E29B9B0BA732}.Debug|x64.ActiveCfg = Debug|iPhone
		{9B64B633-3265-4555-A2C3-E29B9B0BA732}.Debug|x86.ActiveCfg = Debug|iPhone
		{9B64B633-3265-4555-A2C3-E29B9B0BA732}.Release|Any CPU.ActiveCfg = Release|iPhone
		{9B64B633-3265-4555-A2C3-E29B9B0BA732}.Release|ARM.ActiveCfg = Release|iPhone
		{9B64B633-3265-4555-A2C3-E29B9B0BA732}.Release|iPhone.ActiveCfg = Release|iPhone
		{9B64B633-3265-4555-A2C3-E29B9B0BA732}.Release|iPhone.Build.0 = Release|iPhone
		{9B64B633-3265-4555-A2C3-E29B9B0BA732}.Release|iPhoneSimulator.ActiveCfg = Release|iPhoneSimulator
		{9B64B633-3265-4555-A2C3-E29B9B0BA732}.Release|iPhoneSimulator.Build.0 = Release|iPhoneSimulator
		{9B64B633-3265-4555-A2C3-E29B9B0BA732}.Release|x64.ActiveCfg = Release|iPhone
		{9B64B633-3265-4555-A2C3-E29B9B0BA732}.Release|x86.ActiveCfg = Release|iPhone
		{CFB9BA87-46B7-4A55-8D3A-635B1D85EB87}.Ad-Hoc|Any CPU.ActiveCfg = Release|x86
		{CFB9BA87-46B7-4A55-8D3A-635B1D85EB87}.Ad-Hoc|Any CPU.Build.0 = Release|x86
		{CFB9BA87-46B7-4A55-8D3A-635B1D85EB87}.Ad-Hoc|Any CPU.Deploy.0 = Release|x86
		{CFB9BA87-46B7-4A55-8D3A-635B1D85EB87}.Ad-Hoc|ARM.ActiveCfg = Release|ARM
		{CFB9BA87-46B7-4A55-8D3A-635B1D85EB87}.Ad-Hoc|ARM.Build.0 = Release|ARM
		{CFB9BA87-46B7-4A55-8D3A-635B1D85EB87}.Ad-Hoc|ARM.Deploy.0 = Release|ARM
		{CFB9BA87-46B7-4A55-8D3A-635B1D85EB87}.Ad-Hoc|iPhone.ActiveCfg = Release|x86
		{CFB9BA87-46B7-4A55-8D3A-635B1D85EB87}.Ad-Hoc|iPhone.Build.0 = Release|x86
		{CFB9BA87-46B7-4A55-8D3A-635B1D85EB87}.Ad-Hoc|iPhone.Deploy.0 = Release|x86
		{CFB9BA87-46B7-4A55-8D3A-635B1D85EB87}.Ad-Hoc|iPhoneSimulator.ActiveCfg = Release|x86
		{CFB9BA87-46B7-4A55-8D3A-635B1D85EB87}.Ad-Hoc|iPhoneSimulator.Build.0 = Release|x86
		{CFB9BA87-46B7-4A55-8D3A-635B1D85EB87}.Ad-Hoc|iPhoneSimulator.Deploy.0 = Release|x86
		{CFB9BA87-46B7-4A55-8D3A-635B1D85EB87}.Ad-Hoc|x64.ActiveCfg = Release|x64
		{CFB9BA87-46B7-4A55-8D3A-635B1D85EB87}.Ad-Hoc|x64.Build.0 = Release|x64
		{CFB9BA87-46B7-4A55-8D3A-635B1D85EB87}.Ad-Hoc|x64.Deploy.0 = Release|x64
		{CFB9BA87-46B7-4A55-8D3A-635B1D85EB87}.Ad-Hoc|x86.ActiveCfg = Release|x86
		{CFB9BA87-46B7-4A55-8D3A-635B1D85EB87}.Ad-Hoc|x86.Build.0 = Release|x86
		{CFB9BA87-46B7-4A55-8D3A-635B1D85EB87}.Ad-Hoc|x86.Deploy.0 = Release|x86
		{CFB9BA87-46B7-4A55-8D3A-635B1D85EB87}.AppStore|Any CPU.ActiveCfg = Release|x86
		{CFB9BA87-46B7-4A55-8D3A-635B1D85EB87}.AppStore|Any CPU.Build.0 = Release|x86
		{CFB9BA87-46B7-4A55-8D3A-635B1D85EB87}.AppStore|Any CPU.Deploy.0 = Release|x86
		{CFB9BA87-46B7-4A55-8D3A-635B1D85EB87}.AppStore|ARM.ActiveCfg = Release|ARM
		{CFB9BA87-46B7-4A55-8D3A-635B1D85EB87}.AppStore|ARM.Build.0 = Release|ARM
		{CFB9BA87-46B7-4A55-8D3A-635B1D85EB87}.AppStore|ARM.Deploy.0 = Release|ARM
		{CFB9BA87-46B7-4A55-8D3A-635B1D85EB87}.AppStore|iPhone.ActiveCfg = Release|x86
		{CFB9BA87-46B7-4A55-8D3A-635B1D85EB87}.AppStore|iPhone.Build.0 = Release|x86
		{CFB9BA87-46B7-4A55-8D3A-635B1D85EB87}.AppStore|iPhone.Deploy.0 = Release|x86
		{CFB9BA87-46B7-4A55-8D3A-635B1D85EB87}.AppStore|iPhoneSimulator.ActiveCfg = Release|x86
		{CFB9BA87-46B7-4A55-8D3A-635B1D85EB87}.AppStore|iPhoneSimulator.Build.0 = Release|x86
		{CFB9BA87-46B7-4A55-8D3A-635B1D85EB87}.AppStore|iPhoneSimulator.Deploy.0 = Release|x86
		{CFB9BA87-46B7-4A55-8D3A-635B1D85EB87}.AppStore|x64.ActiveCfg = Release|x64
		{CFB9BA87-46B7-4A55-8D3A-635B1D85EB87}.AppStore|x64.Build.0 = Release|x64
		{CFB9BA87-46B7-4A55-8D3A-635B1D85EB87}.AppStore|x64.Deploy.0 = Release|x64
		{CFB9BA87-46B7-4A55-8D3A-635B1D85EB87}.AppStore|x86.ActiveCfg = Release|x86
		{CFB9BA87-46B7-4A55-8D3A-635B1D85EB87}.AppStore|x86.Build.0 = Release|x86
		{CFB9BA87-46B7-4A55-8D3A-635B1D85EB87}.AppStore|x86.Deploy.0 = Release|x86
		{CFB9BA87-46B7-4A55-8D3A-635B1D85EB87}.Debug|Any CPU.ActiveCfg = Debug|x86
		{CFB9BA87-46B7-4A55-8D3A-635B1D85EB87}.Debug|Any CPU.Build.0 = Debug|x86
		{CFB9BA87-46B7-4A55-8D3A-635B1D85EB87}.Debug|Any CPU.Deploy.0 = Debug|x86
		{CFB9BA87-46B7-4A55-8D3A-635B1D85EB87}.Debug|ARM.ActiveCfg = Debug|ARM
		{CFB9BA87-46B7-4A55-8D3A-635B1D85EB87}.Debug|ARM.Build.0 = Debug|ARM
		{CFB9BA87-46B7-4A55-8D3A-635B1D85EB87}.Debug|ARM.Deploy.0 = Debug|ARM
		{CFB9BA87-46B7-4A55-8D3A-635B1D85EB87}.Debug|iPhone.ActiveCfg = Debug|x86
		{CFB9BA87-46B7-4A55-8D3A-635B1D85EB87}.Debug|iPhoneSimulator.ActiveCfg = Debug|x86
		{CFB9BA87-46B7-4A55-8D3A-635B1D85EB87}.Debug|x64.ActiveCfg = Debug|x64
		{CFB9BA87-46B7-4A55-8D3A-635B1D85EB87}.Debug|x64.Build.0 = Debug|x64
		{CFB9BA87-46B7-4A55-8D3A-635B1D85EB87}.Debug|x64.Deploy.0 = Debug|x64
		{CFB9BA87-46B7-4A55-8D3A-635B1D85EB87}.Debug|x86.ActiveCfg = Debug|x86
		{CFB9BA87-46B7-4A55-8D3A-635B1D85EB87}.Debug|x86.Build.0 = Debug|x86
		{CFB9BA87-46B7-4A55-8D3A-635B1D85EB87}.Debug|x86.Deploy.0 = Debug|x86
		{CFB9BA87-46B7-4A55-8D3A-635B1D85EB87}.Release|Any CPU.ActiveCfg = Release|x86
		{CFB9BA87-46B7-4A55-8D3A-635B1D85EB87}.Release|ARM.ActiveCfg = Release|ARM
		{CFB9BA87-46B7-4A55-8D3A-635B1D85EB87}.Release|ARM.Build.0 = Release|ARM
		{CFB9BA87-46B7-4A55-8D3A-635B1D85EB87}.Release|ARM.Deploy.0 = Release|ARM
		{CFB9BA87-46B7-4A55-8D3A-635B1D85EB87}.Release|iPhone.ActiveCfg = Release|x86
		{CFB9BA87-46B7-4A55-8D3A-635B1D85EB87}.Release|iPhoneSimulator.ActiveCfg = Release|x86
		{CFB9BA87-46B7-4A55-8D3A-635B1D85EB87}.Release|x64.ActiveCfg = Release|x64
		{CFB9BA87-46B7-4A55-8D3A-635B1D85EB87}.Release|x64.Build.0 = Release|x64
		{CFB9BA87-46B7-4A55-8D3A-635B1D85EB87}.Release|x64.Deploy.0 = Release|x64
		{CFB9BA87-46B7-4A55-8D3A-635B1D85EB87}.Release|x86.ActiveCfg = Release|x86
		{CFB9BA87-46B7-4A55-8D3A-635B1D85EB87}.Release|x86.Build.0 = Release|x86
		{CFB9BA87-46B7-4A55-8D3A-635B1D85EB87}.Release|x86.Deploy.0 = Release|x86
	EndGlobalSection
	GlobalSection(SolutionProperties) = preSolution
		HideSolutionNode = FALSE
	EndGlobalSection
EndGlobal
